
Microsoft Visual Studio Solution File, Format Version 12.00
# Visual Studio Version 16
VisualStudioVersion = 16.0.29102.190
MinimumVisualStudioVersion = 10.0.40219.1
Project("{FAE04EC0-301F-11D3-BF4B-00C04F79EFBC}") = "launchpadTest2", "launchpadTest2\launchpadTest2.csproj", "{889B5C86-6935-4995-8F88-4AE2504F0507}"
EndProject
Global
	GlobalSection(SolutionConfigurationPlatforms) = preSolution
		Debug|Any CPU = Debug|Any CPU
		Release|Any CPU = Release|Any CPU
	EndGlobalSection
	GlobalSection(ProjectConfigurationPlatforms) = postSolution
		{889B5C86-6935-4995-8F88-4AE2504F0507}.Debug|Any CPU.ActiveCfg = Debug|Any CPU
		{889B5C86-6935-4995-8F88-4AE2504F0507}.Debug|Any CPU.Build.0 = Debug|Any CPU
		{889B5C86-6935-4995-8F88-4AE2504F0507}.Release|Any CPU.ActiveCfg = Release|Any CPU
		{889B5C86-6935-4995-8F88-4AE2504F0507}.Release|Any CPU.Build.0 = Release|Any CPU
	EndGlobalSection
	GlobalSection(SolutionProperties) = preSolution
		HideSolutionNode = FALSE
	EndGlobalSection
	GlobalSection(ExtensibilityGlobals) = postSolution
		SolutionGuid = {D29AB8D4-1FB6-4057-83FD-11D1E8F066C3}
	EndGlobalSection
EndGlobal
